
Microsoft Visual Studio Solution File, Format Version 11.00
# Visual Studio 2010
Project("{FAE04EC0-301F-11D3-BF4B-00C04F79EFBC}") = "AR MAP", "Assembly-CSharp.csproj", "{DCAC2BAC-DD80-672A-E7DD-C48E0A61E62B}"
EndProject
Project("{FAE04EC0-301F-11D3-BF4B-00C04F79EFBC}") = "AR MAP", "Assembly-CSharp-Editor.csproj", "{B46D2720-7421-5D7B-9A0E-23BE0579D8F6}"
EndProject
Global
	GlobalSection(SolutionConfigurationPlatforms) = preSolution
		Debug|Any CPU = Debug|Any CPU
		Release|Any CPU = Release|Any CPU
	EndGlobalSection
	GlobalSection(ProjectConfigurationPlatforms) = postSolution
		{DCAC2BAC-DD80-672A-E7DD-C48E0A61E62B}.Debug|Any CPU.ActiveCfg = Debug|Any CPU
		{DCAC2BAC-DD80-672A-E7DD-C48E0A61E62B}.Debug|Any CPU.Build.0 = Debug|Any CPU
		{DCAC2BAC-DD80-672A-E7DD-C48E0A61E62B}.Release|Any CPU.ActiveCfg = Release|Any CPU
		{DCAC2BAC-DD80-672A-E7DD-C48E0A61E62B}.Release|Any CPU.Build.0 = Release|Any CPU
		{B46D2720-7421-5D7B-9A0E-23BE0579D8F6}.Debug|Any CPU.ActiveCfg = Debug|Any CPU
		{B46D2720-7421-5D7B-9A0E-23BE0579D8F6}.Debug|Any CPU.Build.0 = Debug|Any CPU
		{B46D2720-7421-5D7B-9A0E-23BE0579D8F6}.Release|Any CPU.ActiveCfg = Release|Any CPU
		{B46D2720-7421-5D7B-9A0E-23BE0579D8F6}.Release|Any CPU.Build.0 = Release|Any CPU
	EndGlobalSection
	GlobalSection(SolutionProperties) = preSolution
		HideSolutionNode = FALSE
	EndGlobalSection
	GlobalSection(MonoDevelopProperties) = preSolution
		StartupItem = Assembly-CSharp.csproj
	EndGlobalSection
EndGlobal
